
Microsoft Visual Studio Solution File, Format Version 12.00
# Visual Studio Version 16
VisualStudioVersion = 16.0.29613.14
MinimumVisualStudioVersion = 10.0.40219.1
Project("{9A19103F-16F7-4668-BE54-9A1E7A4F7556}") = "MagicRoyale-TeleportAndFire.App", "MagicRoyale-TeleportAndFire.App\MagicRoyale-TeleportAndFire.App.csproj", "{C831DD98-E1C4-4571-AD33-93A559FC332F}"
EndProject
Project("{9A19103F-16F7-4668-BE54-9A1E7A4F7556}") = "MagicRoyale-TeleportAndFire.Storage", "MagicRoyale-TeleportAndFire\MagicRoyale-TeleportAndFire.Storage.csproj", "{DC374A59-CE5D-4412-98FA-6ED3847A2D9E}"
EndProject
Project("{FAE04EC0-301F-11D3-BF4B-00C04F79EFBC}") = "MagicRoyale-TeleportAndFire.UI", "MagicRoyale-TeleportAndFire.UI\MagicRoyale-TeleportAndFire.UI.csproj", "{841D4AB0-8484-43A4-8FE5-71436BB3B050}"
EndProject
Global
	GlobalSection(SolutionConfigurationPlatforms) = preSolution
		Debug|Any CPU = Debug|Any CPU
		Release|Any CPU = Release|Any CPU
	EndGlobalSection
	GlobalSection(ProjectConfigurationPlatforms) = postSolution
		{C831DD98-E1C4-4571-AD33-93A559FC332F}.Debug|Any CPU.ActiveCfg = Debug|Any CPU
		{C831DD98-E1C4-4571-AD33-93A559FC332F}.Debug|Any CPU.Build.0 = Debug|Any CPU
		{C831DD98-E1C4-4571-AD33-93A559FC332F}.Release|Any CPU.ActiveCfg = Release|Any CPU
		{C831DD98-E1C4-4571-AD33-93A559FC332F}.Release|Any CPU.Build.0 = Release|Any CPU
		{DC374A59-CE5D-4412-98FA-6ED3847A2D9E}.Debug|Any CPU.ActiveCfg = Debug|Any CPU
		{DC374A59-CE5D-4412-98FA-6ED3847A2D9E}.Debug|Any CPU.Build.0 = Debug|Any CPU
		{DC374A59-CE5D-4412-98FA-6ED3847A2D9E}.Release|Any CPU.ActiveCfg = Release|Any CPU
		{DC374A59-CE5D-4412-98FA-6ED3847A2D9E}.Release|Any CPU.Build.0 = Release|Any CPU
		{841D4AB0-8484-43A4-8FE5-71436BB3B050}.Debug|Any CPU.ActiveCfg = Debug|Any CPU
		{841D4AB0-8484-43A4-8FE5-71436BB3B050}.Debug|Any CPU.Build.0 = Debug|Any CPU
		{841D4AB0-8484-43A4-8FE5-71436BB3B050}.Release|Any CPU.ActiveCfg = Release|Any CPU
		{841D4AB0-8484-43A4-8FE5-71436BB3B050}.Release|Any CPU.Build.0 = Release|Any CPU
	EndGlobalSection
	GlobalSection(SolutionProperties) = preSolution
		HideSolutionNode = FALSE
	EndGlobalSection
	GlobalSection(ExtensibilityGlobals) = postSolution
		SolutionGuid = {6A1B4FA7-F5C6-4C1A-B778-FC4F6F2BCC03}
	EndGlobalSection
EndGlobal
